// !$*UTF8*$!
{
	archiveVersion = 1;
	classes = {
	};
	objectVersion = 46;
	objects = {

/* Begin PBXBuildFile section */
		FEA6507B1BCAE325005F3260 /* main.cpp in Sources */ = {isa = PBXBuildFile; fileRef = FEA6507A1BCAE325005F3260 /* main.cpp */; };
/* End PBXBuildFile section */

/* Begin PBXCopyFilesBuildPhase section */
		FEA650751BCAE325005F3260 /* CopyFiles */ = {
			isa = PBXCopyFilesBuildPhase;
			buildActionMask = 2147483647;
			dstPath = /usr/share/man/man1/;
			dstSubfolderSpec = 0;
			files = (
			);
			runOnlyForDeploymentPostprocessing = 1;
		};
/* End PBXCopyFilesBuildPhase section */

/* Begin PBXFileReference section */
		FE34CD3A1BCE127900D6CFF0 /* SrtdLst.h */ = {isa = PBXFileReference; lastKnownFileType = sourcecode.c.h; path = SrtdLst.h; sourceTree = "<group>"; };
		FE6611951BCF3710007ED26C /* PriorityQ.h */ = {isa = PBXFileReference; lastKnownFileType = sourcecode.c.h; path = PriorityQ.h; sourceTree = "<group>"; };
		FEA650771BCAE325005F3260 /* Assignment 6 */ = {isa = PBXFileReference; explicitFileType = "compiled.mach-o.executable"; includeInIndex = 0; path = "Assignment 6"; sourceTree = BUILT_PRODUCTS_DIR; };
		FEA6507A1BCAE325005F3260 /* main.cpp */ = {isa = PBXFileReference; lastKnownFileType = sourcecode.cpp.cpp; path = main.cpp; sourceTree = "<group>"; };
		FEA650811BCAE34B005F3260 /* Stack.h */ = {isa = PBXFileReference; lastKnownFileType = sourcecode.c.h; path = Stack.h; sourceTree = "<group>"; };
		FEA650821BCAFDC0005F3260 /* Queue.h */ = {isa = PBXFileReference; lastKnownFileType = sourcecode.c.h; path = Queue.h; sourceTree = "<group>"; };
		FECF46591BCB0B2F00AB8135 /* DblLst.h */ = {isa = PBXFileReference; lastKnownFileType = sourcecode.c.h; path = DblLst.h; sourceTree = "<group>"; };
		FECF465A1BCB857100AB8135 /* CircLst.h */ = {isa = PBXFileReference; lastKnownFileType = sourcecode.c.h; path = CircLst.h; sourceTree = "<group>"; };
/* End PBXFileReference section */

/* Begin PBXFrameworksBuildPhase section */
		FEA650741BCAE325005F3260 /* Frameworks */ = {
			isa = PBXFrameworksBuildPhase;
			buildActionMask = 2147483647;
			files = (
			);
			runOnlyForDeploymentPostprocessing = 0;
		};
/* End PBXFrameworksBuildPhase section */

/* Begin PBXGroup section */
		FEA6506E1BCAE325005F3260 = {
			isa = PBXGroup;
			children = (
				FEA650791BCAE325005F3260 /* Assignment 6 */,
				FEA650781BCAE325005F3260 /* Products */,
			);
			sourceTree = "<group>";
		};
		FEA650781BCAE325005F3260 /* Products */ = {
			isa = PBXGroup;
			children = (
				FEA650771BCAE325005F3260 /* Assignment 6 */,
			);
			name = Products;
			sourceTree = "<group>";
		};
		FEA650791BCAE325005F3260 /* Assignment 6 */ = {
			isa = PBXGroup;
			children = (
				FEA6507A1BCAE325005F3260 /* main.cpp */,
				FEA650811BCAE34B005F3260 /* Stack.h */,
				FECF46591BCB0B2F00AB8135 /* DblLst.h */,
				FEA650821BCAFDC0005F3260 /* Queue.h */,
				FECF465A1BCB857100AB8135 /* CircLst.h */,
				FE34CD3A1BCE127900D6CFF0 /* SrtdLst.h */,
				FE6611951BCF3710007ED26C /* PriorityQ.h */,
			);
			path = "Assignment 6";
			sourceTree = "<group>";
		};
/* End PBXGroup section */

/* Begin PBXNativeTarget section */
		FEA650761BCAE325005F3260 /* Assignment 6 */ = {
			isa = PBXNativeTarget;
			buildConfigurationList = FEA6507E1BCAE325005F3260 /* Build configuration list for PBXNativeTarget "Assignment 6" */;
			buildPhases = (
				FEA650731BCAE325005F3260 /* Sources */,
				FEA650741BCAE325005F3260 /* Frameworks */,
				FEA650751BCAE325005F3260 /* CopyFiles */,
			);
			buildRules = (
			);
			dependencies = (
			);
			name = "Assignment 6";
			productName = "Assignment 6";
			productReference = FEA650771BCAE325005F3260 /* Assignment 6 */;
			productType = "com.apple.product-type.tool";
		};
/* End PBXNativeTarget section */

/* Begin PBXProject section */
		FEA6506F1BCAE325005F3260 /* Project object */ = {
			isa = PBXProject;
			attributes = {
				LastUpgradeCheck = 0700;
				ORGANIZATIONNAME = Juan;
				TargetAttributes = {
					FEA650761BCAE325005F3260 = {
						CreatedOnToolsVersion = 7.0.1;
					};
				};
			};
			buildConfigurationList = FEA650721BCAE325005F3260 /* Build configuration list for PBXProject "Assignment 6" */;
			compatibilityVersion = "Xcode 3.2";
			developmentRegion = English;
			hasScannedForEncodings = 0;
			knownRegions = (
				en,
			);
			mainGroup = FEA6506E1BCAE325005F3260;
			productRefGroup = FEA650781BCAE325005F3260 /* Products */;
			projectDirPath = "";
			projectRoot = "";
			targets = (
				FEA650761BCAE325005F3260 /* Assignment 6 */,
			);
		};
/* End PBXProject section */

/* Begin PBXSourcesBuildPhase section */
		FEA650731BCAE325005F3260 /* Sources */ = {
			isa = PBXSourcesBuildPhase;
			buildActionMask = 2147483647;
			files = (
				FEA6507B1BCAE325005F3260 /* main.cpp in Sources */,
			);
			runOnlyForDeploymentPostprocessing = 0;
		};
/* End PBXSourcesBuildPhase section */

/* Begin XCBuildConfiguration section */
		FEA6507C1BCAE325005F3260 /* Debug */ = {
			isa = XCBuildConfiguration;
			buildSettings = {
				ALWAYS_SEARCH_USER_PATHS = NO;
				CLANG_CXX_LANGUAGE_STANDARD = "gnu++0x";
				CLANG_CXX_LIBRARY = "libc++";
				CLANG_ENABLE_MODULES = YES;
				CLANG_ENABLE_OBJC_ARC = YES;
				CLANG_WARN_BOOL_CONVERSION = YES;
				CLANG_WARN_CONSTANT_CONVERSION = YES;
				CLANG_WARN_DIRECT_OBJC_ISA_USAGE = YES_ERROR;
				CLANG_WARN_EMPTY_BODY = YES;
				CLANG_WARN_ENUM_CONVERSION = YES;
				CLANG_WARN_INT_CONVERSION = YES;
				CLANG_WARN_OBJC_ROOT_CLASS = YES_ERROR;
				CLANG_WARN_UNREACHABLE_CODE = YES;
				CLANG_WARN__DUPLICATE_METHOD_MATCH = YES;
				COPY_PHASE_STRIP = NO;
				DEBUG_INFORMATION_FORMAT = dwarf;
				ENABLE_STRICT_OBJC_MSGSEND = YES;
				ENABLE_TESTABILITY = YES;
				GCC_C_LANGUAGE_STANDARD = gnu99;
				GCC_DYNAMIC_NO_PIC = NO;
				GCC_NO_COMMON_BLOCKS = YES;
				GCC_OPTIMIZATION_LEVEL = 0;
				GCC_PREPROCESSOR_DEFINITIONS = (
					"DEBUG=1",
					"$(inherited)",
				);
				GCC_WARN_64_TO_32_BIT_CONVERSION = YES;
				GCC_WARN_ABOUT_RETURN_TYPE = YES_ERROR;
				GCC_WARN_UNDECLARED_SELECTOR = YES;
				GCC_WARN_UNINITIALIZED_AUTOS = YES_AGGRESSIVE;
				GCC_WARN_UNUSED_FUNCTION = YES;
				GCC_WARN_UNUSED_VARIABLE = YES;
				MACOSX_DEPLOYMENT_TARGET = 10.11;
				MTL_ENABLE_DEBUG_INFO = YES;
				ONLY_ACTIVE_ARCH = YES;
				SDKROOT = macosx;
			};
			name = Debug;
		};
		FEA6507D1BCAE325005F3260 /* Release */ = {
			isa = XCBuildConfiguration;
			buildSettings = {
				ALWAYS_SEARCH_USER_PATHS = NO;
				CLANG_CXX_LANGUAGE_STANDARD = "gnu++0x";
				CLANG_CXX_LIBRARY = "libc++";
				CLANG_ENABLE_MODULES = YES;
				CLANG_ENABLE_OBJC_ARC = YES;
				CLANG_WARN_BOOL_CONVERSION = YES;
				CLANG_WARN_CONSTANT_CONVERSION = YES;
				CLANG_WARN_DIRECT_OBJC_ISA_USAGE = YES_ERROR;
				CLANG_WARN_EMPTY_BODY = YES;
				CLANG_WARN_ENUM_CONVERSION = YES;
				CLANG_WARN_INT_CONVERSION = YES;
				CLANG_WARN_OBJC_ROOT_CLASS = YES_ERROR;
				CLANG_WARN_UNREACHABLE_CODE = YES;
				CLANG_WARN__DUPLICATE_METHOD_MATCH = YES;
				COPY_PHASE_STRIP = NO;
				DEBUG_INFORMATION_FORMAT = "dwarf-with-dsym";
				ENABLE_NS_ASSERTIONS = NO;
				ENABLE_STRICT_OBJC_MSGSEND = YES;
				GCC_C_LANGUAGE_STANDARD = gnu99;
				GCC_NO_COMMON_BLOCKS = YES;
				GCC_WARN_64_TO_32_BIT_CONVERSION = YES;
				GCC_WARN_ABOUT_RETURN_TYPE = YES_ERROR;
				GCC_WARN_UNDECLARED_SELECTOR = YES;
				GCC_WARN_UNINITIALIZED_AUTOS = YES_AGGRESSIVE;
				GCC_WARN_UNUSED_FUNCTION = YES;
				GCC_WARN_UNUSED_VARIABLE = YES;
				MACOSX_DEPLOYMENT_TARGET = 10.11;
				MTL_ENABLE_DEBUG_INFO = NO;
				SDKROOT = macosx;
			};
			name = Release;
		};
		FEA6507F1BCAE325005F3260 /* Debug */ = {
			isa = XCBuildConfiguration;
			buildSettings = {
				PRODUCT_NAME = "$(TARGET_NAME)";
			};
			name = Debug;
		};
		FEA650801BCAE325005F3260 /* Release */ = {
			isa = XCBuildConfiguration;
			buildSettings = {
				PRODUCT_NAME = "$(TARGET_NAME)";
			};
			name = Release;
		};
/* End XCBuildConfiguration section */

/* Begin XCConfigurationList section */
		FEA650721BCAE325005F3260 /* Build configuration list for PBXProject "Assignment 6" */ = {
			isa = XCConfigurationList;
			buildConfigurations = (
				FEA6507C1BCAE325005F3260 /* Debug */,
				FEA6507D1BCAE325005F3260 /* Release */,
			);
			defaultConfigurationIsVisible = 0;
			defaultConfigurationName = Release;
		};
		FEA6507E1BCAE325005F3260 /* Build configuration list for PBXNativeTarget "Assignment 6" */ = {
			isa = XCConfigurationList;
			buildConfigurations = (
				FEA6507F1BCAE325005F3260 /* Debug */,
				FEA650801BCAE325005F3260 /* Release */,
			);
			defaultConfigurationIsVisible = 0;
			defaultConfigurationName = Release;
		};
/* End XCConfigurationList section */
	};
	rootObject = FEA6506F1BCAE325005F3260 /* Project object */;
}
